
Microsoft Visual Studio Solution File, Format Version 12.00
# Visual Studio 14
VisualStudioVersion = 14.0.25123.0
MinimumVisualStudioVersion = 10.0.40219.1
Project("{FAE04EC0-301F-11D3-BF4B-00C04F79EFBC}") = "BitPackerTools", "BitPackerTools\BitPackerTools.csproj", "{EFFF0801-0B42-44DC-8D74-A45CFC6CD9CA}"
EndProject
Project("{FAE04EC0-301F-11D3-BF4B-00C04F79EFBC}") = "BitPackerTools.Tests", "BitPackerTools.Tests\BitPackerTools.Tests.csproj", "{695D0B04-1A71-430E-979F-CE69A8E6F1C5}"
EndProject
Project("{2150E333-8FDC-42A3-9474-1A3956D46DE8}") = "Documentation", "Documentation", "{721272B9-5C07-420E-B391-1158BF9B60AE}"
	ProjectSection(SolutionItems) = preProject
		LICENSE = LICENSE
		README.md = README.md
	EndProjectSection
EndProject
Global
	GlobalSection(SolutionConfigurationPlatforms) = preSolution
		Debug|Any CPU = Debug|Any CPU
		Release|Any CPU = Release|Any CPU
	EndGlobalSection
	GlobalSection(ProjectConfigurationPlatforms) = postSolution
		{EFFF0801-0B42-44DC-8D74-A45CFC6CD9CA}.Debug|Any CPU.ActiveCfg = Debug|Any CPU
		{EFFF0801-0B42-44DC-8D74-A45CFC6CD9CA}.Debug|Any CPU.Build.0 = Debug|Any CPU
		{EFFF0801-0B42-44DC-8D74-A45CFC6CD9CA}.Release|Any CPU.ActiveCfg = Release|Any CPU
		{EFFF0801-0B42-44DC-8D74-A45CFC6CD9CA}.Release|Any CPU.Build.0 = Release|Any CPU
		{695D0B04-1A71-430E-979F-CE69A8E6F1C5}.Debug|Any CPU.ActiveCfg = Debug|Any CPU
		{695D0B04-1A71-430E-979F-CE69A8E6F1C5}.Debug|Any CPU.Build.0 = Debug|Any CPU
		{695D0B04-1A71-430E-979F-CE69A8E6F1C5}.Release|Any CPU.ActiveCfg = Release|Any CPU
		{695D0B04-1A71-430E-979F-CE69A8E6F1C5}.Release|Any CPU.Build.0 = Release|Any CPU
	EndGlobalSection
	GlobalSection(SolutionProperties) = preSolution
		HideSolutionNode = FALSE
	EndGlobalSection
EndGlobal
